
Microsoft Visual Studio Solution File, Format Version 12.00
# Visual Studio 15
Project("{FAE04EC0-301F-11D3-BF4B-00C04F79EFBC}") = "UnityEngine.UI", "UnityEngine.UI.csproj", "{FB3025D4-B753-C9BE-0FF8-9EEB14D382A3}"
EndProject
Project("{FAE04EC0-301F-11D3-BF4B-00C04F79EFBC}") = "UnityEngine.TestRunner", "UnityEngine.TestRunner.csproj", "{CE9779A7-D4F5-E666-73E7-E11D0A2BFF87}"
EndProject
Project("{FAE04EC0-301F-11D3-BF4B-00C04F79EFBC}") = "Assembly-CSharp", "Assembly-CSharp.csproj", "{4E82F549-76D3-EA4C-6085-926057E03DB0}"
EndProject
Project("{FAE04EC0-301F-11D3-BF4B-00C04F79EFBC}") = "UnityEditor.TestRunner", "UnityEditor.TestRunner.csproj", "{A2723B16-A891-E689-38E6-6351FE33DE88}"
EndProject
Project("{FAE04EC0-301F-11D3-BF4B-00C04F79EFBC}") = "Unity.2D.Tilemap.Editor", "Unity.2D.Tilemap.Editor.csproj", "{4D3FFBC1-CE5F-9017-BF6E-B569F165FB09}"
EndProject
Project("{FAE04EC0-301F-11D3-BF4B-00C04F79EFBC}") = "Unity.Rider.Editor", "Unity.Rider.Editor.csproj", "{B9446CF6-C31C-B475-71B7-D2904ECB0D4B}"
EndProject
Project("{FAE04EC0-301F-11D3-BF4B-00C04F79EFBC}") = "UnityEditor.UI", "UnityEditor.UI.csproj", "{CBD499B5-D5D0-37C3-26CD-C03953978FA2}"
EndProject
Project("{FAE04EC0-301F-11D3-BF4B-00C04F79EFBC}") = "Unity.VisualStudio.Editor", "Unity.VisualStudio.Editor.csproj", "{7E999671-2748-D114-6E46-985380F85D58}"
EndProject
Project("{FAE04EC0-301F-11D3-BF4B-00C04F79EFBC}") = "Unity.2D.Sprite.Editor", "Unity.2D.Sprite.Editor.csproj", "{5B786025-DD3A-25FA-5AA8-04ACCB9F590C}"
EndProject
Project("{FAE04EC0-301F-11D3-BF4B-00C04F79EFBC}") = "Unity.VSCode.Editor", "Unity.VSCode.Editor.csproj", "{685D1801-9B71-576F-6687-EE8176AD5A6C}"
EndProject
Project("{FAE04EC0-301F-11D3-BF4B-00C04F79EFBC}") = "UnityEngine.UI", "UnityEngine.UI.Player.csproj", "{DC96C3EE-FD16-08F6-5EC8-7122EAC511AD}"
EndProject
Project("{FAE04EC0-301F-11D3-BF4B-00C04F79EFBC}") = "UnityEngine.TestRunner", "UnityEngine.TestRunner.Player.csproj", "{85924C5A-C87F-D443-E451-EBD410714C3F}"
EndProject
Project("{FAE04EC0-301F-11D3-BF4B-00C04F79EFBC}") = "Assembly-CSharp", "Assembly-CSharp.Player.csproj", "{63AB7C22-3292-3AAF-B7CF-2E8B3AFD8F6F}"
EndProject
Global
	GlobalSection(SolutionConfigurationPlatforms) = preSolution
		Debug|Any CPU = Debug|Any CPU
		Release|Any CPU = Release|Any CPU
	EndGlobalSection
	GlobalSection(ProjectConfigurationPlatforms) = postSolution
		{FB3025D4-B753-C9BE-0FF8-9EEB14D382A3}.Debug|Any CPU.ActiveCfg = Debug|Any CPU
		{FB3025D4-B753-C9BE-0FF8-9EEB14D382A3}.Debug|Any CPU.Build.0 = Debug|Any CPU
		{FB3025D4-B753-C9BE-0FF8-9EEB14D382A3}.Release|Any CPU.ActiveCfg = Release|Any CPU
		{FB3025D4-B753-C9BE-0FF8-9EEB14D382A3}.Release|Any CPU.Build.0 = Release|Any CPU
		{CE9779A7-D4F5-E666-73E7-E11D0A2BFF87}.Debug|Any CPU.ActiveCfg = Debug|Any CPU
		{CE9779A7-D4F5-E666-73E7-E11D0A2BFF87}.Debug|Any CPU.Build.0 = Debug|Any CPU
		{CE9779A7-D4F5-E666-73E7-E11D0A2BFF87}.Release|Any CPU.ActiveCfg = Release|Any CPU
		{CE9779A7-D4F5-E666-73E7-E11D0A2BFF87}.Release|Any CPU.Build.0 = Release|Any CPU
		{4E82F549-76D3-EA4C-6085-926057E03DB0}.Debug|Any CPU.ActiveCfg = Debug|Any CPU
		{4E82F549-76D3-EA4C-6085-926057E03DB0}.Debug|Any CPU.Build.0 = Debug|Any CPU
		{4E82F549-76D3-EA4C-6085-926057E03DB0}.Release|Any CPU.ActiveCfg = Release|Any CPU
		{4E82F549-76D3-EA4C-6085-926057E03DB0}.Release|Any CPU.Build.0 = Release|Any CPU
		{A2723B16-A891-E689-38E6-6351FE33DE88}.Debug|Any CPU.ActiveCfg = Debug|Any CPU
		{A2723B16-A891-E689-38E6-6351FE33DE88}.Debug|Any CPU.Build.0 = Debug|Any CPU
		{A2723B16-A891-E689-38E6-6351FE33DE88}.Release|Any CPU.ActiveCfg = Release|Any CPU
		{A2723B16-A891-E689-38E6-6351FE33DE88}.Release|Any CPU.Build.0 = Release|Any CPU
		{4D3FFBC1-CE5F-9017-BF6E-B569F165FB09}.Debug|Any CPU.ActiveCfg = Debug|Any CPU
		{4D3FFBC1-CE5F-9017-BF6E-B569F165FB09}.Debug|Any CPU.Build.0 = Debug|Any CPU
		{4D3FFBC1-CE5F-9017-BF6E-B569F165FB09}.Release|Any CPU.ActiveCfg = Release|Any CPU
		{4D3FFBC1-CE5F-9017-BF6E-B569F165FB09}.Release|Any CPU.Build.0 = Release|Any CPU
		{B9446CF6-C31C-B475-71B7-D2904ECB0D4B}.Debug|Any CPU.ActiveCfg = Debug|Any CPU
		{B9446CF6-C31C-B475-71B7-D2904ECB0D4B}.Debug|Any CPU.Build.0 = Debug|Any CPU
		{B9446CF6-C31C-B475-71B7-D2904ECB0D4B}.Release|Any CPU.ActiveCfg = Release|Any CPU
		{B9446CF6-C31C-B475-71B7-D2904ECB0D4B}.Release|Any CPU.Build.0 = Release|Any CPU
		{CBD499B5-D5D0-37C3-26CD-C03953978FA2}.Debug|Any CPU.ActiveCfg = Debug|Any CPU
		{CBD499B5-D5D0-37C3-26CD-C03953978FA2}.Debug|Any CPU.Build.0 = Debug|Any CPU
		{CBD499B5-D5D0-37C3-26CD-C03953978FA2}.Release|Any CPU.ActiveCfg = Release|Any CPU
		{CBD499B5-D5D0-37C3-26CD-C03953978FA2}.Release|Any CPU.Build.0 = Release|Any CPU
		{7E999671-2748-D114-6E46-985380F85D58}.Debug|Any CPU.ActiveCfg = Debug|Any CPU
		{7E999671-2748-D114-6E46-985380F85D58}.Debug|Any CPU.Build.0 = Debug|Any CPU
		{7E999671-2748-D114-6E46-985380F85D58}.Release|Any CPU.ActiveCfg = Release|Any CPU
		{7E999671-2748-D114-6E46-985380F85D58}.Release|Any CPU.Build.0 = Release|Any CPU
		{5B786025-DD3A-25FA-5AA8-04ACCB9F590C}.Debug|Any CPU.ActiveCfg = Debug|Any CPU
		{5B786025-DD3A-25FA-5AA8-04ACCB9F590C}.Debug|Any CPU.Build.0 = Debug|Any CPU
		{5B786025-DD3A-25FA-5AA8-04ACCB9F590C}.Release|Any CPU.ActiveCfg = Release|Any CPU
		{5B786025-DD3A-25FA-5AA8-04ACCB9F590C}.Release|Any CPU.Build.0 = Release|Any CPU
		{685D1801-9B71-576F-6687-EE8176AD5A6C}.Debug|Any CPU.ActiveCfg = Debug|Any CPU
		{685D1801-9B71-576F-6687-EE8176AD5A6C}.Debug|Any CPU.Build.0 = Debug|Any CPU
		{685D1801-9B71-576F-6687-EE8176AD5A6C}.Release|Any CPU.ActiveCfg = Release|Any CPU
		{685D1801-9B71-576F-6687-EE8176AD5A6C}.Release|Any CPU.Build.0 = Release|Any CPU
		{DC96C3EE-FD16-08F6-5EC8-7122EAC511AD}.Debug|Any CPU.ActiveCfg = Debug|Any CPU
		{DC96C3EE-FD16-08F6-5EC8-7122EAC511AD}.Debug|Any CPU.Build.0 = Debug|Any CPU
		{DC96C3EE-FD16-08F6-5EC8-7122EAC511AD}.Release|Any CPU.ActiveCfg = Release|Any CPU
		{DC96C3EE-FD16-08F6-5EC8-7122EAC511AD}.Release|Any CPU.Build.0 = Release|Any CPU
		{85924C5A-C87F-D443-E451-EBD410714C3F}.Debug|Any CPU.ActiveCfg = Debug|Any CPU
		{85924C5A-C87F-D443-E451-EBD410714C3F}.Debug|Any CPU.Build.0 = Debug|Any CPU
		{85924C5A-C87F-D443-E451-EBD410714C3F}.Release|Any CPU.ActiveCfg = Release|Any CPU
		{85924C5A-C87F-D443-E451-EBD410714C3F}.Release|Any CPU.Build.0 = Release|Any CPU
		{63AB7C22-3292-3AAF-B7CF-2E8B3AFD8F6F}.Debug|Any CPU.ActiveCfg = Debug|Any CPU
		{63AB7C22-3292-3AAF-B7CF-2E8B3AFD8F6F}.Debug|Any CPU.Build.0 = Debug|Any CPU
		{63AB7C22-3292-3AAF-B7CF-2E8B3AFD8F6F}.Release|Any CPU.ActiveCfg = Release|Any CPU
		{63AB7C22-3292-3AAF-B7CF-2E8B3AFD8F6F}.Release|Any CPU.Build.0 = Release|Any CPU
	EndGlobalSection
	GlobalSection(SolutionProperties) = preSolution
		HideSolutionNode = FALSE
	EndGlobalSection
EndGlobal
